
Microsoft Visual Studio Solution File, Format Version 12.00
# Visual Studio Version 16
VisualStudioVersion = 16.0.30002.166
MinimumVisualStudioVersion = 10.0.40219.1
Project("{FAE04EC0-301F-11D3-BF4B-00C04F79EFBC}") = "MassTransitTest", "MassTransitTest\MassTransitTest.csproj", "{013EC575-4CBD-43DA-B09F-21119A6791EE}"
EndProject
Global
	GlobalSection(SolutionConfigurationPlatforms) = preSolution
		Debug|Any CPU = Debug|Any CPU
		Release|Any CPU = Release|Any CPU
	EndGlobalSection
	GlobalSection(ProjectConfigurationPlatforms) = postSolution
		{013EC575-4CBD-43DA-B09F-21119A6791EE}.Debug|Any CPU.ActiveCfg = Debug|Any CPU
		{013EC575-4CBD-43DA-B09F-21119A6791EE}.Debug|Any CPU.Build.0 = Debug|Any CPU
		{013EC575-4CBD-43DA-B09F-21119A6791EE}.Release|Any CPU.ActiveCfg = Release|Any CPU
		{013EC575-4CBD-43DA-B09F-21119A6791EE}.Release|Any CPU.Build.0 = Release|Any CPU
	EndGlobalSection
	GlobalSection(SolutionProperties) = preSolution
		HideSolutionNode = FALSE
	EndGlobalSection
	GlobalSection(ExtensibilityGlobals) = postSolution
		SolutionGuid = {FB63C8E6-943B-492E-A202-0D6E5EFA6FF5}
	EndGlobalSection
EndGlobal
